
Microsoft Visual Studio Solution File, Format Version 12.00
# Visual Studio 15
VisualStudioVersion = 15.0.28307.168
MinimumVisualStudioVersion = 10.0.40219.1
Project("{FAE04EC0-301F-11D3-BF4B-00C04F79EFBC}") = "WebApi", "WebApi\WebApi.csproj", "{6B905DBD-CC22-4D60-92D4-38DC8805B4E2}"
EndProject
Project("{FAE04EC0-301F-11D3-BF4B-00C04F79EFBC}") = "MealDataAccess", "MealDataAccess\MealDataAccess.csproj", "{94CB13A2-3E1F-4E7D-A018-002BF02F0B46}"
EndProject
Project("{FAE04EC0-301F-11D3-BF4B-00C04F79EFBC}") = "Crud_Mvc", "Crud_Mvc\Crud_Mvc.csproj", "{6B4AF5FA-4D64-4745-90B7-E324C4511289}"
EndProject
Project("{FAE04EC0-301F-11D3-BF4B-00C04F79EFBC}") = "WebAppEntityFramework", "WebAppEntityFramework\WebAppEntityFramework.csproj", "{A6A4B514-1512-4968-A8E0-238FCBF43FB6}"
EndProject
Project("{FAE04EC0-301F-11D3-BF4B-00C04F79EFBC}") = "WebMVC", "WebMVC\WebMVC.csproj", "{BF088467-6A35-49E7-830A-07FA93A7105F}"
EndProject
Project("{FAE04EC0-301F-11D3-BF4B-00C04F79EFBC}") = "WebMvcApiInvokeAjax", "WebMvcApiInvokeAjax\WebMvcApiInvokeAjax.csproj", "{06FE4E75-4DD6-4EB1-A962-3BEF27624238}"
EndProject
Global
	GlobalSection(SolutionConfigurationPlatforms) = preSolution
		Debug|Any CPU = Debug|Any CPU
		Release|Any CPU = Release|Any CPU
	EndGlobalSection
	GlobalSection(ProjectConfigurationPlatforms) = postSolution
		{6B905DBD-CC22-4D60-92D4-38DC8805B4E2}.Debug|Any CPU.ActiveCfg = Debug|Any CPU
		{6B905DBD-CC22-4D60-92D4-38DC8805B4E2}.Debug|Any CPU.Build.0 = Debug|Any CPU
		{6B905DBD-CC22-4D60-92D4-38DC8805B4E2}.Release|Any CPU.ActiveCfg = Release|Any CPU
		{6B905DBD-CC22-4D60-92D4-38DC8805B4E2}.Release|Any CPU.Build.0 = Release|Any CPU
		{94CB13A2-3E1F-4E7D-A018-002BF02F0B46}.Debug|Any CPU.ActiveCfg = Debug|Any CPU
		{94CB13A2-3E1F-4E7D-A018-002BF02F0B46}.Debug|Any CPU.Build.0 = Debug|Any CPU
		{94CB13A2-3E1F-4E7D-A018-002BF02F0B46}.Release|Any CPU.ActiveCfg = Release|Any CPU
		{94CB13A2-3E1F-4E7D-A018-002BF02F0B46}.Release|Any CPU.Build.0 = Release|Any CPU
		{6B4AF5FA-4D64-4745-90B7-E324C4511289}.Debug|Any CPU.ActiveCfg = Debug|Any CPU
		{6B4AF5FA-4D64-4745-90B7-E324C4511289}.Debug|Any CPU.Build.0 = Debug|Any CPU
		{6B4AF5FA-4D64-4745-90B7-E324C4511289}.Release|Any CPU.ActiveCfg = Release|Any CPU
		{6B4AF5FA-4D64-4745-90B7-E324C4511289}.Release|Any CPU.Build.0 = Release|Any CPU
		{A6A4B514-1512-4968-A8E0-238FCBF43FB6}.Debug|Any CPU.ActiveCfg = Debug|Any CPU
		{A6A4B514-1512-4968-A8E0-238FCBF43FB6}.Debug|Any CPU.Build.0 = Debug|Any CPU
		{A6A4B514-1512-4968-A8E0-238FCBF43FB6}.Release|Any CPU.ActiveCfg = Release|Any CPU
		{A6A4B514-1512-4968-A8E0-238FCBF43FB6}.Release|Any CPU.Build.0 = Release|Any CPU
		{BF088467-6A35-49E7-830A-07FA93A7105F}.Debug|Any CPU.ActiveCfg = Debug|Any CPU
		{BF088467-6A35-49E7-830A-07FA93A7105F}.Debug|Any CPU.Build.0 = Debug|Any CPU
		{BF088467-6A35-49E7-830A-07FA93A7105F}.Release|Any CPU.ActiveCfg = Release|Any CPU
		{BF088467-6A35-49E7-830A-07FA93A7105F}.Release|Any CPU.Build.0 = Release|Any CPU
		{06FE4E75-4DD6-4EB1-A962-3BEF27624238}.Debug|Any CPU.ActiveCfg = Debug|Any CPU
		{06FE4E75-4DD6-4EB1-A962-3BEF27624238}.Debug|Any CPU.Build.0 = Debug|Any CPU
		{06FE4E75-4DD6-4EB1-A962-3BEF27624238}.Release|Any CPU.ActiveCfg = Release|Any CPU
		{06FE4E75-4DD6-4EB1-A962-3BEF27624238}.Release|Any CPU.Build.0 = Release|Any CPU
	EndGlobalSection
	GlobalSection(SolutionProperties) = preSolution
		HideSolutionNode = FALSE
	EndGlobalSection
	GlobalSection(ExtensibilityGlobals) = postSolution
		SolutionGuid = {DB8D92A1-72E4-472D-B4EF-CD6D1C924854}
	EndGlobalSection
EndGlobal
